
Microsoft Visual Studio Solution File, Format Version 12.00
# Visual Studio Version 16
VisualStudioVersion = 16.0.29806.167
MinimumVisualStudioVersion = 10.0.40219.1
Project("{FAE04EC0-301F-11D3-BF4B-00C04F79EFBC}") = "Arduino Dome", "Arduino_Dome\Arduino Dome.csproj", "{8D847595-28E3-48F0-AE4E-2238894DB9E1}"
EndProject
Project("{8BC9CEB8-8B4A-11D0-8D11-00A0C91BC942}") = "ASCOM_Arduino_Dome", "ASCOM_Arduino_Dome\ASCOM_Arduino_Dome.vcxproj", "{C5F80730-F44F-4478-BDAE-6634EFC2CA88}"
EndProject
Global
	GlobalSection(SolutionConfigurationPlatforms) = preSolution
		Debug|Any CPU = Debug|Any CPU
		Debug|x86 = Debug|x86
		Release|Any CPU = Release|Any CPU
		Release|x86 = Release|x86
	EndGlobalSection
	GlobalSection(ProjectConfigurationPlatforms) = postSolution
		{8D847595-28E3-48F0-AE4E-2238894DB9E1}.Debug|Any CPU.ActiveCfg = Debug|Any CPU
		{8D847595-28E3-48F0-AE4E-2238894DB9E1}.Debug|Any CPU.Build.0 = Debug|Any CPU
		{8D847595-28E3-48F0-AE4E-2238894DB9E1}.Debug|x86.ActiveCfg = Debug|Any CPU
		{8D847595-28E3-48F0-AE4E-2238894DB9E1}.Debug|x86.Build.0 = Debug|Any CPU
		{8D847595-28E3-48F0-AE4E-2238894DB9E1}.Release|Any CPU.ActiveCfg = Release|Any CPU
		{8D847595-28E3-48F0-AE4E-2238894DB9E1}.Release|Any CPU.Build.0 = Release|Any CPU
		{8D847595-28E3-48F0-AE4E-2238894DB9E1}.Release|x86.ActiveCfg = Release|Any CPU
		{8D847595-28E3-48F0-AE4E-2238894DB9E1}.Release|x86.Build.0 = Release|Any CPU
		{C5F80730-F44F-4478-BDAE-6634EFC2CA88}.Debug|Any CPU.ActiveCfg = Debug|Win32
		{C5F80730-F44F-4478-BDAE-6634EFC2CA88}.Debug|x86.ActiveCfg = Debug|Win32
		{C5F80730-F44F-4478-BDAE-6634EFC2CA88}.Debug|x86.Build.0 = Debug|Win32
		{C5F80730-F44F-4478-BDAE-6634EFC2CA88}.Release|Any CPU.ActiveCfg = Release|Win32
		{C5F80730-F44F-4478-BDAE-6634EFC2CA88}.Release|x86.ActiveCfg = Release|Win32
		{C5F80730-F44F-4478-BDAE-6634EFC2CA88}.Release|x86.Build.0 = Release|Win32
	EndGlobalSection
	GlobalSection(SolutionProperties) = preSolution
		HideSolutionNode = FALSE
	EndGlobalSection
	GlobalSection(ExtensibilityGlobals) = postSolution
		SolutionGuid = {56059696-54C5-4A52-82AB-142702235B47}
	EndGlobalSection
EndGlobal
